PODS:
  - Alamofire (5.3.0)
  - KeychainSwift (19.0.0)
  - MarkdownView (1.7.1)

DEPENDENCIES:
  - Alamofire
  - KeychainSwift
  - MarkdownView

SPEC REPOS:
  trunk:
    - Alamofire
    - KeychainSwift
    - MarkdownView

SPEC CHECKSUMS:
  Alamofire: 2c792affbdc2f18016e08fdbcacd60aebe1ba593
  KeychainSwift: a06190cf933ad46b1e0abc3d77d29c06331715c7
  MarkdownView: cf30a97ab39b2bce04406adce541972c882363bd

PODFILE CHECKSUM: ba2dca647e4460d3d6a4f5f79ca548a0660fa95f

COCOAPODS: 1.10.0
