PODS:
  - Alamofire (5.1.0)
  - Kingfisher (5.15.6):
    - Kingfisher/Core (= 5.15.6)
  - Kingfisher/Core (5.15.6)
  - RxCocoa (5.1.1):
    - RxRelay (~> 5)
    - RxSwift (~> 5)
  - RxRelay (5.1.1):
    - RxSwift (~> 5)
  - RxSwift (5.1.1)
  - Then (2.7.0)

DEPENDENCIES:
  - Alamofire
  - Kingfisher
  - RxCocoa
  - RxSwift
  - Then

SPEC REPOS:
  trunk:
    - Alamofire
    - Kingfisher
    - RxCocoa
    - RxRelay
    - RxSwift
    - Then

SPEC CHECKSUMS:
  Alamofire: 9d5c5f602928e512395b30950c5984eca840093c
  Kingfisher: b3554e7bf6106115b44e8795300bad580ef2fdc7
  RxCocoa: 32065309a38d29b5b0db858819b5bf9ef038b601
  RxRelay: d77f7d771495f43c556cbc43eebd1bb54d01e8e9
  RxSwift: 81470a2074fa8780320ea5fe4102807cb7118178
  Then: acfe0be7e98221c6204e12f8161459606d5d822d

PODFILE CHECKSUM: 93af8f4b1f56ef87771a924a4c2aee2b09c9889f

COCOAPODS: 1.10.0
